
Microsoft Visual Studio Solution File, Format Version 12.00
# Visual Studio Version 16
VisualStudioVersion = 16.0.29201.188
MinimumVisualStudioVersion = 10.0.40219.1
Project("{F184B08F-C81C-45F6-A57F-5ABD9991F28F}") = "vbnet", "vbnet\vbnet.vbproj", "{08058FFD-AEDA-476D-8C44-D0CECA16AAAF}"
EndProject
Global
	GlobalSection(SolutionConfigurationPlatforms) = preSolution
		Debug|Any CPU = Debug|Any CPU
		Release|Any CPU = Release|Any CPU
	EndGlobalSection
	GlobalSection(ProjectConfigurationPlatforms) = postSolution
		{08058FFD-AEDA-476D-8C44-D0CECA16AAAF}.Debug|Any CPU.ActiveCfg = Debug|Any CPU
		{08058FFD-AEDA-476D-8C44-D0CECA16AAAF}.Debug|Any CPU.Build.0 = Debug|Any CPU
		{08058FFD-AEDA-476D-8C44-D0CECA16AAAF}.Release|Any CPU.ActiveCfg = Release|Any CPU
		{08058FFD-AEDA-476D-8C44-D0CECA16AAAF}.Release|Any CPU.Build.0 = Release|Any CPU
	EndGlobalSection
	GlobalSection(SolutionProperties) = preSolution
		HideSolutionNode = FALSE
	EndGlobalSection
	GlobalSection(ExtensibilityGlobals) = postSolution
		SolutionGuid = {370ED7DF-92FC-4275-AC2E-A72BDFC731D1}
	EndGlobalSection
EndGlobal
